# THIS IS AN AUTOGENERATED FILE. DO NOT EDIT THIS FILE DIRECTLY.
# yarn lockfile v1


"@ably/msgpack-js@^0.4.0":
  version "0.4.0"
  resolved "https://registry.npmjs.org/@ably/msgpack-js/-/msgpack-js-0.4.0.tgz"
  dependencies:
    bops "^1.0.1"

"@esbuild/android-arm64@0.16.17":
  version "0.16.17"
  resolved "https://registry.yarnpkg.com/@esbuild/android-arm64/-/android-arm64-0.16.17.tgz#cf91e86df127aa3d141744edafcba0abdc577d23"

"@esbuild/android-arm@0.16.17":
  version "0.16.17"
  resolved "https://registry.yarnpkg.com/@esbuild/android-arm/-/android-arm-0.16.17.tgz#025b6246d3f68b7bbaa97069144fb5fb70f2fff2"

"@esbuild/android-x64@0.16.17":
  version "0.16.17"
  resolved "https://registry.yarnpkg.com/@esbuild/android-x64/-/android-x64-0.16.17.tgz#c820e0fef982f99a85c4b8bfdd582835f04cd96e"

"@esbuild/darwin-arm64@0.16.17":
  version "0.16.17"
  resolved "https://registry.yarnpkg.com/@esbuild/darwin-arm64/-/darwin-arm64-0.16.17.tgz#edef4487af6b21afabba7be5132c26d22379b220"

"@esbuild/darwin-x64@0.16.17":
  version "0.16.17"
  resolved "https://registry.npmjs.org/@esbuild/darwin-x64/-/darwin-x64-0.16.17.tgz"

"@esbuild/freebsd-arm64@0.16.17":
  version "0.16.17"
  resolved "https://registry.yarnpkg.com/@esbuild/freebsd-arm64/-/freebsd-arm64-0.16.17.tgz#1f4af488bfc7e9ced04207034d398e793b570a27"

"@esbuild/freebsd-x64@0.16.17":
  version "0.16.17"
  resolved "https://registry.yarnpkg.com/@esbuild/freebsd-x64/-/freebsd-x64-0.16.17.tgz#636306f19e9bc981e06aa1d777302dad8fddaf72"

"@esbuild/linux-arm64@0.16.17":
  version "0.16.17"
  resolved "https://registry.yarnpkg.com/@esbuild/linux-arm64/-/linux-arm64-0.16.17.tgz#a003f7ff237c501e095d4f3a09e58fc7b25a4aca"

"@esbuild/linux-arm@0.16.17":
  version "0.16.17"
  resolved "https://registry.yarnpkg.com/@esbuild/linux-arm/-/linux-arm-0.16.17.tgz#b591e6a59d9c4fe0eeadd4874b157ab78cf5f196"

"@esbuild/linux-ia32@0.16.17":
  version "0.16.17"
  resolved "https://registry.yarnpkg.com/@esbuild/linux-ia32/-/linux-ia32-0.16.17.tgz#24333a11027ef46a18f57019450a5188918e2a54"

"@esbuild/linux-loong64@0.16.17":
  version "0.16.17"
  resolved "https://registry.yarnpkg.com/@esbuild/linux-loong64/-/linux-loong64-0.16.17.tgz#d5ad459d41ed42bbd4d005256b31882ec52227d8"

"@esbuild/linux-mips64el@0.16.17":
  version "0.16.17"
  resolved "https://registry.yarnpkg.com/@esbuild/linux-mips64el/-/linux-mips64el-0.16.17.tgz#4e5967a665c38360b0a8205594377d4dcf9c3726"

"@esbuild/linux-ppc64@0.16.17":
  version "0.16.17"
  resolved "https://registry.yarnpkg.com/@esbuild/linux-ppc64/-/linux-ppc64-0.16.17.tgz#206443a02eb568f9fdf0b438fbd47d26e735afc8"

"@esbuild/linux-riscv64@0.16.17":
  version "0.16.17"
  resolved "https://registry.yarnpkg.com/@esbuild/linux-riscv64/-/linux-riscv64-0.16.17.tgz#c351e433d009bf256e798ad048152c8d76da2fc9"

"@esbuild/linux-s390x@0.16.17":
  version "0.16.17"
  resolved "https://registry.yarnpkg.com/@esbuild/linux-s390x/-/linux-s390x-0.16.17.tgz#661f271e5d59615b84b6801d1c2123ad13d9bd87"

"@esbuild/linux-x64@0.16.17":
  version "0.16.17"
  resolved "https://registry.yarnpkg.com/@esbuild/linux-x64/-/linux-x64-0.16.17.tgz#e4ba18e8b149a89c982351443a377c723762b85f"

"@esbuild/netbsd-x64@0.16.17":
  version "0.16.17"
  resolved "https://registry.yarnpkg.com/@esbuild/netbsd-x64/-/netbsd-x64-0.16.17.tgz#7d4f4041e30c5c07dd24ffa295c73f06038ec775"

"@esbuild/openbsd-x64@0.16.17":
  version "0.16.17"
  resolved "https://registry.yarnpkg.com/@esbuild/openbsd-x64/-/openbsd-x64-0.16.17.tgz#970fa7f8470681f3e6b1db0cc421a4af8060ec35"

"@esbuild/sunos-x64@0.16.17":
  version "0.16.17"
  resolved "https://registry.yarnpkg.com/@esbuild/sunos-x64/-/sunos-x64-0.16.17.tgz#abc60e7c4abf8b89fb7a4fe69a1484132238022c"

"@esbuild/win32-arm64@0.16.17":
  version "0.16.17"
  resolved "https://registry.yarnpkg.com/@esbuild/win32-arm64/-/win32-arm64-0.16.17.tgz#7b0ff9e8c3265537a7a7b1fd9a24e7bd39fcd87a"

"@esbuild/win32-ia32@0.16.17":
  version "0.16.17"
  resolved "https://registry.yarnpkg.com/@esbuild/win32-ia32/-/win32-ia32-0.16.17.tgz#e90fe5267d71a7b7567afdc403dfd198c292eb09"

"@esbuild/win32-x64@0.16.17":
  version "0.16.17"
  resolved "https://registry.yarnpkg.com/@esbuild/win32-x64/-/win32-x64-0.16.17.tgz#c5a1a4bfe1b57f0c3e61b29883525c6da3e5c091"

"@jridgewell/sourcemap-codec@^1.4.13":
  version "1.4.15"
  resolved "https://registry.npmjs.org/@jridgewell/sourcemap-codec/-/sourcemap-codec-1.4.15.tgz"

"@nodelib/fs.scandir@2.1.5":
  version "2.1.5"
  resolved "https://registry.npmjs.org/@nodelib/fs.scandir/-/fs.scandir-2.1.5.tgz"
  dependencies:
    "@nodelib/fs.stat" "2.0.5"
    run-parallel "^1.1.9"

"@nodelib/fs.stat@2.0.5", "@nodelib/fs.stat@^2.0.2":
  version "2.0.5"
  resolved "https://registry.npmjs.org/@nodelib/fs.stat/-/fs.stat-2.0.5.tgz"

"@nodelib/fs.walk@^1.2.3":
  version "1.2.8"
  resolved "https://registry.npmjs.org/@nodelib/fs.walk/-/fs.walk-1.2.8.tgz"
  dependencies:
    "@nodelib/fs.scandir" "2.1.5"
    fastq "^1.6.0"

"@rollup/plugin-commonjs@^25.0.0":
  version "25.0.0"
  resolved "https://registry.npmjs.org/@rollup/plugin-commonjs/-/plugin-commonjs-25.0.0.tgz"
  dependencies:
    "@rollup/pluginutils" "^5.0.1"
    commondir "^1.0.1"
    estree-walker "^2.0.2"
    glob "^8.0.3"
    is-reference "1.2.1"
    magic-string "^0.27.0"

"@rollup/plugin-virtual@^3.0.1":
  version "3.0.1"
  resolved "https://registry.npmjs.org/@rollup/plugin-virtual/-/plugin-virtual-3.0.1.tgz"

"@rollup/pluginutils@^5.0.1":
  version "5.0.2"
  resolved "https://registry.npmjs.org/@rollup/pluginutils/-/pluginutils-5.0.2.tgz"
  dependencies:
    "@types/estree" "^1.0.0"
    estree-walker "^2.0.2"
    picomatch "^2.3.1"

"@sindresorhus/is@^4.0.0":
  version "4.6.0"
  resolved "https://registry.npmjs.org/@sindresorhus/is/-/is-4.6.0.tgz"

"@swc/core-darwin-arm64@1.3.61":
  version "1.3.61"
  resolved "https://registry.yarnpkg.com/@swc/core-darwin-arm64/-/core-darwin-arm64-1.3.61.tgz#5935e76df79596deac71a98afbbfe82d0a8e03ab"

"@swc/core-darwin-x64@1.3.61":
  version "1.3.61"
  resolved "https://registry.npmjs.org/@swc/core-darwin-x64/-/core-darwin-x64-1.3.61.tgz"

"@swc/core-linux-arm-gnueabihf@1.3.61":
  version "1.3.61"
  resolved "https://registry.yarnpkg.com/@swc/core-linux-arm-gnueabihf/-/core-linux-arm-gnueabihf-1.3.61.tgz#3b9b2ad3d1387ef12372f4fc9821e760b9ac36a2"

"@swc/core-linux-arm64-gnu@1.3.61":
  version "1.3.61"
  resolved "https://registry.yarnpkg.com/@swc/core-linux-arm64-gnu/-/core-linux-arm64-gnu-1.3.61.tgz#8d0ccdc2e45c0f8f4e270b5d144aeb3921ce5ed3"

"@swc/core-linux-arm64-musl@1.3.61":
  version "1.3.61"
  resolved "https://registry.yarnpkg.com/@swc/core-linux-arm64-musl/-/core-linux-arm64-musl-1.3.61.tgz#6983481a0e15fbc8ce60c536de82e39b8669d7c5"

"@swc/core-linux-x64-gnu@1.3.61":
  version "1.3.61"
  resolved "https://registry.yarnpkg.com/@swc/core-linux-x64-gnu/-/core-linux-x64-gnu-1.3.61.tgz#9fe55668d1eccbce2739134d4a15436f4c17aba8"

"@swc/core-linux-x64-musl@1.3.61":
  version "1.3.61"
  resolved "https://registry.yarnpkg.com/@swc/core-linux-x64-musl/-/core-linux-x64-musl-1.3.61.tgz#5729aa85b039d40aa642867b520fdc96267e2aa4"

"@swc/core-win32-arm64-msvc@1.3.61":
  version "1.3.61"
  resolved "https://registry.yarnpkg.com/@swc/core-win32-arm64-msvc/-/core-win32-arm64-msvc-1.3.61.tgz#1e8f343b67e9c69aa55f8a3c19539f632be76b3f"

"@swc/core-win32-ia32-msvc@1.3.61":
  version "1.3.61"
  resolved "https://registry.yarnpkg.com/@swc/core-win32-ia32-msvc/-/core-win32-ia32-msvc-1.3.61.tgz#e560de48ef13bebd9e7bc35c19c2c40e5a2d3d4b"

"@swc/core-win32-x64-msvc@1.3.61":
  version "1.3.61"
  resolved "https://registry.yarnpkg.com/@swc/core-win32-x64-msvc/-/core-win32-x64-msvc-1.3.61.tgz#07b75b5af65afd207c96ef5503e44767fe0239f5"

"@swc/core@^1.3.10":
  version "1.3.61"
  resolved "https://registry.npmjs.org/@swc/core/-/core-1.3.61.tgz"
  optionalDependencies:
    "@swc/core-darwin-arm64" "1.3.61"
    "@swc/core-darwin-x64" "1.3.61"
    "@swc/core-linux-arm-gnueabihf" "1.3.61"
    "@swc/core-linux-arm64-gnu" "1.3.61"
    "@swc/core-linux-arm64-musl" "1.3.61"
    "@swc/core-linux-x64-gnu" "1.3.61"
    "@swc/core-linux-x64-musl" "1.3.61"
    "@swc/core-win32-arm64-msvc" "1.3.61"
    "@swc/core-win32-ia32-msvc" "1.3.61"
    "@swc/core-win32-x64-msvc" "1.3.61"

"@szmarczak/http-timer@^4.0.5":
  version "4.0.6"
  resolved "https://registry.npmjs.org/@szmarczak/http-timer/-/http-timer-4.0.6.tgz"
  dependencies:
    defer-to-connect "^2.0.0"

"@types/cacheable-request@^6.0.1":
  version "6.0.3"
  resolved "https://registry.npmjs.org/@types/cacheable-request/-/cacheable-request-6.0.3.tgz"
  dependencies:
    "@types/http-cache-semantics" "*"
    "@types/keyv" "^3.1.4"
    "@types/node" "*"
    "@types/responselike" "^1.0.0"

"@types/estree@*", "@types/estree@^1.0.0":
  version "1.0.1"
  resolved "https://registry.npmjs.org/@types/estree/-/estree-1.0.1.tgz"

"@types/http-cache-semantics@*":
  version "4.0.1"
  resolved "https://registry.npmjs.org/@types/http-cache-semantics/-/http-cache-semantics-4.0.1.tgz"

"@types/keyv@^3.1.4":
  version "3.1.4"
  resolved "https://registry.npmjs.org/@types/keyv/-/keyv-3.1.4.tgz"
  dependencies:
    "@types/node" "*"

"@types/node@*":
  version "18.13.0"
  resolved "https://registry.npmjs.org/@types/node/-/node-18.13.0.tgz"

"@types/responselike@^1.0.0":
  version "1.0.0"
  resolved "https://registry.npmjs.org/@types/responselike/-/responselike-1.0.0.tgz"
  dependencies:
    "@types/node" "*"

ably@^1.2.37:
  version "1.2.37"
  resolved "https://registry.npmjs.org/ably/-/ably-1.2.37.tgz"
  dependencies:
    "@ably/msgpack-js" "^0.4.0"
    got "^11.8.2"
    ws "^5.1"

acorn-node@^1.8.2:
  version "1.8.2"
  resolved "https://registry.npmjs.org/acorn-node/-/acorn-node-1.8.2.tgz"
  dependencies:
    acorn "^7.0.0"
    acorn-walk "^7.0.0"
    xtend "^4.0.2"

acorn-walk@^7.0.0:
  version "7.2.0"
  resolved "https://registry.npmjs.org/acorn-walk/-/acorn-walk-7.2.0.tgz"

acorn@^7.0.0:
  version "7.4.1"
  resolved "https://registry.npmjs.org/acorn/-/acorn-7.4.1.tgz"

acorn@^8.8.2:
  version "8.8.2"
  resolved "https://registry.npmjs.org/acorn/-/acorn-8.8.2.tgz"

anymatch@~3.1.2:
  version "3.1.3"
  resolved "https://registry.npmjs.org/anymatch/-/anymatch-3.1.3.tgz"
  dependencies:
    normalize-path "^3.0.0"
    picomatch "^2.0.4"

arg@^5.0.2:
  version "5.0.2"
  resolved "https://registry.npmjs.org/arg/-/arg-5.0.2.tgz"

async-limiter@~1.0.0:
  version "1.0.1"
  resolved "https://registry.npmjs.org/async-limiter/-/async-limiter-1.0.1.tgz"

autoprefixer@^10.4.13:
  version "10.4.13"
  resolved "https://registry.npmjs.org/autoprefixer/-/autoprefixer-10.4.13.tgz"
  dependencies:
    browserslist "^4.21.4"
    caniuse-lite "^1.0.30001426"
    fraction.js "^4.2.0"
    normalize-range "^0.1.2"
    picocolors "^1.0.0"
    postcss-value-parser "^4.2.0"

balanced-match@^1.0.0:
  version "1.0.2"
  resolved "https://registry.npmjs.org/balanced-match/-/balanced-match-1.0.2.tgz"

base64-js@1.0.2:
  version "1.0.2"
  resolved "https://registry.npmjs.org/base64-js/-/base64-js-1.0.2.tgz"

binary-extensions@^2.0.0:
  version "2.2.0"
  resolved "https://registry.npmjs.org/binary-extensions/-/binary-extensions-2.2.0.tgz"

bops@^1.0.1:
  version "1.0.1"
  resolved "https://registry.npmjs.org/bops/-/bops-1.0.1.tgz"
  dependencies:
    base64-js "1.0.2"
    to-utf8 "0.0.1"

brace-expansion@^2.0.1:
  version "2.0.1"
  resolved "https://registry.npmjs.org/brace-expansion/-/brace-expansion-2.0.1.tgz"
  dependencies:
    balanced-match "^1.0.0"

braces@^3.0.2, braces@~3.0.2:
  version "3.0.2"
  resolved "https://registry.npmjs.org/braces/-/braces-3.0.2.tgz"
  dependencies:
    fill-range "^7.0.1"

browserslist@^4.21.4:
  version "4.21.5"
  resolved "https://registry.npmjs.org/browserslist/-/browserslist-4.21.5.tgz"
  dependencies:
    caniuse-lite "^1.0.30001449"
    electron-to-chromium "^1.4.284"
    node-releases "^2.0.8"
    update-browserslist-db "^1.0.10"

cacheable-lookup@^5.0.3:
  version "5.0.4"
  resolved "https://registry.npmjs.org/cacheable-lookup/-/cacheable-lookup-5.0.4.tgz"

cacheable-request@^7.0.2:
  version "7.0.2"
  resolved "https://registry.npmjs.org/cacheable-request/-/cacheable-request-7.0.2.tgz"
  dependencies:
    clone-response "^1.0.2"
    get-stream "^5.1.0"
    http-cache-semantics "^4.0.0"
    keyv "^4.0.0"
    lowercase-keys "^2.0.0"
    normalize-url "^6.0.1"
    responselike "^2.0.0"

camelcase-css@^2.0.1:
  version "2.0.1"
  resolved "https://registry.npmjs.org/camelcase-css/-/camelcase-css-2.0.1.tgz"

caniuse-lite@^1.0.30001426, caniuse-lite@^1.0.30001449:
  version "1.0.30001457"
  resolved "https://registry.npmjs.org/caniuse-lite/-/caniuse-lite-1.0.30001457.tgz"

chokidar@^3.5.3:
  version "3.5.3"
  resolved "https://registry.npmjs.org/chokidar/-/chokidar-3.5.3.tgz"
  dependencies:
    anymatch "~3.1.2"
    braces "~3.0.2"
    glob-parent "~5.1.2"
    is-binary-path "~2.1.0"
    is-glob "~4.0.1"
    normalize-path "~3.0.0"
    readdirp "~3.6.0"
  optionalDependencies:
    fsevents "~2.3.2"

clone-response@^1.0.2:
  version "1.0.3"
  resolved "https://registry.npmjs.org/clone-response/-/clone-response-1.0.3.tgz"
  dependencies:
    mimic-response "^1.0.0"

color-name@^1.1.4:
  version "1.1.4"
  resolved "https://registry.npmjs.org/color-name/-/color-name-1.1.4.tgz"

commondir@^1.0.1:
  version "1.0.1"
  resolved "https://registry.npmjs.org/commondir/-/commondir-1.0.1.tgz"

cssesc@^3.0.0:
  version "3.0.0"
  resolved "https://registry.npmjs.org/cssesc/-/cssesc-3.0.0.tgz"

dayjs@^1.11.7:
  version "1.11.7"
  resolved "https://registry.npmjs.org/dayjs/-/dayjs-1.11.7.tgz"

decompress-response@^6.0.0:
  version "6.0.0"
  resolved "https://registry.npmjs.org/decompress-response/-/decompress-response-6.0.0.tgz"
  dependencies:
    mimic-response "^3.1.0"

defer-to-connect@^2.0.0:
  version "2.0.1"
  resolved "https://registry.npmjs.org/defer-to-connect/-/defer-to-connect-2.0.1.tgz"

defined@^1.0.0:
  version "1.0.1"
  resolved "https://registry.npmjs.org/defined/-/defined-1.0.1.tgz"

detective@^5.2.1:
  version "5.2.1"
  resolved "https://registry.npmjs.org/detective/-/detective-5.2.1.tgz"
  dependencies:
    acorn-node "^1.8.2"
    defined "^1.0.0"
    minimist "^1.2.6"

didyoumean@^1.2.2:
  version "1.2.2"
  resolved "https://registry.npmjs.org/didyoumean/-/didyoumean-1.2.2.tgz"

dlv@^1.1.3:
  version "1.1.3"
  resolved "https://registry.npmjs.org/dlv/-/dlv-1.1.3.tgz"

dotenv@^16.0.3:
  version "16.0.3"
  resolved "https://registry.npmjs.org/dotenv/-/dotenv-16.0.3.tgz"

electron-to-chromium@^1.4.284:
  version "1.4.302"
  resolved "https://registry.npmjs.org/electron-to-chromium/-/electron-to-chromium-1.4.302.tgz"

end-of-stream@^1.1.0:
  version "1.4.4"
  resolved "https://registry.npmjs.org/end-of-stream/-/end-of-stream-1.4.4.tgz"
  dependencies:
    once "^1.4.0"

es-module-lexer@^1.2.1:
  version "1.2.1"
  resolved "https://registry.npmjs.org/es-module-lexer/-/es-module-lexer-1.2.1.tgz"

esbuild@^0.16.14:
  version "0.16.17"
  resolved "https://registry.npmjs.org/esbuild/-/esbuild-0.16.17.tgz"
  optionalDependencies:
    "@esbuild/android-arm" "0.16.17"
    "@esbuild/android-arm64" "0.16.17"
    "@esbuild/android-x64" "0.16.17"
    "@esbuild/darwin-arm64" "0.16.17"
    "@esbuild/darwin-x64" "0.16.17"
    "@esbuild/freebsd-arm64" "0.16.17"
    "@esbuild/freebsd-x64" "0.16.17"
    "@esbuild/linux-arm" "0.16.17"
    "@esbuild/linux-arm64" "0.16.17"
    "@esbuild/linux-ia32" "0.16.17"
    "@esbuild/linux-loong64" "0.16.17"
    "@esbuild/linux-mips64el" "0.16.17"
    "@esbuild/linux-ppc64" "0.16.17"
    "@esbuild/linux-riscv64" "0.16.17"
    "@esbuild/linux-s390x" "0.16.17"
    "@esbuild/linux-x64" "0.16.17"
    "@esbuild/netbsd-x64" "0.16.17"
    "@esbuild/openbsd-x64" "0.16.17"
    "@esbuild/sunos-x64" "0.16.17"
    "@esbuild/win32-arm64" "0.16.17"
    "@esbuild/win32-ia32" "0.16.17"
    "@esbuild/win32-x64" "0.16.17"

escalade@^3.1.1:
  version "3.1.1"
  resolved "https://registry.npmjs.org/escalade/-/escalade-3.1.1.tgz"

estree-walker@^2.0.2:
  version "2.0.2"
  resolved "https://registry.npmjs.org/estree-walker/-/estree-walker-2.0.2.tgz"

fast-glob@^3.2.12:
  version "3.2.12"
  resolved "https://registry.npmjs.org/fast-glob/-/fast-glob-3.2.12.tgz"
  dependencies:
    "@nodelib/fs.stat" "^2.0.2"
    "@nodelib/fs.walk" "^1.2.3"
    glob-parent "^5.1.2"
    merge2 "^1.3.0"
    micromatch "^4.0.4"

fastq@^1.6.0:
  version "1.15.0"
  resolved "https://registry.npmjs.org/fastq/-/fastq-1.15.0.tgz"
  dependencies:
    reusify "^1.0.4"

fill-range@^7.0.1:
  version "7.0.1"
  resolved "https://registry.npmjs.org/fill-range/-/fill-range-7.0.1.tgz"
  dependencies:
    to-regex-range "^5.0.1"

fraction.js@^4.2.0:
  version "4.2.0"
  resolved "https://registry.npmjs.org/fraction.js/-/fraction.js-4.2.0.tgz"

fs.realpath@^1.0.0:
  version "1.0.0"
  resolved "https://registry.npmjs.org/fs.realpath/-/fs.realpath-1.0.0.tgz"

fsevents@~2.3.2:
  version "2.3.2"
  resolved "https://registry.npmjs.org/fsevents/-/fsevents-2.3.2.tgz"

function-bind@^1.1.1:
  version "1.1.1"
  resolved "https://registry.npmjs.org/function-bind/-/function-bind-1.1.1.tgz"

get-stream@^5.1.0:
  version "5.2.0"
  resolved "https://registry.npmjs.org/get-stream/-/get-stream-5.2.0.tgz"
  dependencies:
    pump "^3.0.0"

glob-parent@^5.1.2, glob-parent@~5.1.2:
  version "5.1.2"
  resolved "https://registry.npmjs.org/glob-parent/-/glob-parent-5.1.2.tgz"
  dependencies:
    is-glob "^4.0.1"

glob-parent@^6.0.2:
  version "6.0.2"
  resolved "https://registry.npmjs.org/glob-parent/-/glob-parent-6.0.2.tgz"
  dependencies:
    is-glob "^4.0.3"

glob@^8.0.3:
  version "8.1.0"
  resolved "https://registry.npmjs.org/glob/-/glob-8.1.0.tgz"
  dependencies:
    fs.realpath "^1.0.0"
    inflight "^1.0.4"
    inherits "2"
    minimatch "^5.0.1"
    once "^1.3.0"

got@^11.8.2:
  version "11.8.6"
  resolved "https://registry.npmjs.org/got/-/got-11.8.6.tgz"
  dependencies:
    "@sindresorhus/is" "^4.0.0"
    "@szmarczak/http-timer" "^4.0.5"
    "@types/cacheable-request" "^6.0.1"
    "@types/responselike" "^1.0.0"
    cacheable-lookup "^5.0.3"
    cacheable-request "^7.0.2"
    decompress-response "^6.0.0"
    http2-wrapper "^1.0.0-beta.5.2"
    lowercase-keys "^2.0.0"
    p-cancelable "^2.0.0"
    responselike "^2.0.0"

has@^1.0.3:
  version "1.0.3"
  resolved "https://registry.npmjs.org/has/-/has-1.0.3.tgz"
  dependencies:
    function-bind "^1.1.1"

http-cache-semantics@^4.0.0:
  version "4.1.1"
  resolved "https://registry.npmjs.org/http-cache-semantics/-/http-cache-semantics-4.1.1.tgz"

http2-wrapper@^1.0.0-beta.5.2:
  version "1.0.3"
  resolved "https://registry.npmjs.org/http2-wrapper/-/http2-wrapper-1.0.3.tgz"
  dependencies:
    quick-lru "^5.1.1"
    resolve-alpn "^1.0.0"

inflight@^1.0.4:
  version "1.0.6"
  resolved "https://registry.npmjs.org/inflight/-/inflight-1.0.6.tgz"
  dependencies:
    once "^1.3.0"
    wrappy "1"

inherits@2:
  version "2.0.4"
  resolved "https://registry.npmjs.org/inherits/-/inherits-2.0.4.tgz"

is-binary-path@~2.1.0:
  version "2.1.0"
  resolved "https://registry.npmjs.org/is-binary-path/-/is-binary-path-2.1.0.tgz"
  dependencies:
    binary-extensions "^2.0.0"

is-core-module@^2.9.0:
  version "2.11.0"
  resolved "https://registry.npmjs.org/is-core-module/-/is-core-module-2.11.0.tgz"
  dependencies:
    has "^1.0.3"

is-extglob@^2.1.1:
  version "2.1.1"
  resolved "https://registry.npmjs.org/is-extglob/-/is-extglob-2.1.1.tgz"

is-glob@^4.0.1, is-glob@^4.0.3, is-glob@~4.0.1:
  version "4.0.3"
  resolved "https://registry.npmjs.org/is-glob/-/is-glob-4.0.3.tgz"
  dependencies:
    is-extglob "^2.1.1"

is-number@^7.0.0:
  version "7.0.0"
  resolved "https://registry.npmjs.org/is-number/-/is-number-7.0.0.tgz"

is-reference@1.2.1:
  version "1.2.1"
  resolved "https://registry.npmjs.org/is-reference/-/is-reference-1.2.1.tgz"
  dependencies:
    "@types/estree" "*"

json-buffer@3.0.1:
  version "3.0.1"
  resolved "https://registry.npmjs.org/json-buffer/-/json-buffer-3.0.1.tgz"

keyv@^4.0.0:
  version "4.5.2"
  resolved "https://registry.npmjs.org/keyv/-/keyv-4.5.2.tgz"
  dependencies:
    json-buffer "3.0.1"

lilconfig@^2.0.5, lilconfig@^2.0.6:
  version "2.0.6"
  resolved "https://registry.npmjs.org/lilconfig/-/lilconfig-2.0.6.tgz"

lowercase-keys@^2.0.0:
  version "2.0.0"
  resolved "https://registry.npmjs.org/lowercase-keys/-/lowercase-keys-2.0.0.tgz"

magic-string@^0.27.0:
  version "0.27.0"
  resolved "https://registry.npmjs.org/magic-string/-/magic-string-0.27.0.tgz"
  dependencies:
    "@jridgewell/sourcemap-codec" "^1.4.13"

merge2@^1.3.0:
  version "1.4.1"
  resolved "https://registry.npmjs.org/merge2/-/merge2-1.4.1.tgz"

micromatch@^4.0.4, micromatch@^4.0.5:
  version "4.0.5"
  resolved "https://registry.npmjs.org/micromatch/-/micromatch-4.0.5.tgz"
  dependencies:
    braces "^3.0.2"
    picomatch "^2.3.1"

mimic-response@^1.0.0:
  version "1.0.1"
  resolved "https://registry.npmjs.org/mimic-response/-/mimic-response-1.0.1.tgz"

mimic-response@^3.1.0:
  version "3.1.0"
  resolved "https://registry.npmjs.org/mimic-response/-/mimic-response-3.1.0.tgz"

minimatch@^5.0.1:
  version "5.1.6"
  resolved "https://registry.npmjs.org/minimatch/-/minimatch-5.1.6.tgz"
  dependencies:
    brace-expansion "^2.0.1"

minimist@^1.2.6:
  version "1.2.8"
  resolved "https://registry.npmjs.org/minimist/-/minimist-1.2.8.tgz"

nanoid@^3.3.4:
  version "3.3.4"
  resolved "https://registry.npmjs.org/nanoid/-/nanoid-3.3.4.tgz"

node-releases@^2.0.8:
  version "2.0.10"
  resolved "https://registry.npmjs.org/node-releases/-/node-releases-2.0.10.tgz"

normalize-path@^3.0.0, normalize-path@~3.0.0:
  version "3.0.0"
  resolved "https://registry.npmjs.org/normalize-path/-/normalize-path-3.0.0.tgz"

normalize-range@^0.1.2:
  version "0.1.2"
  resolved "https://registry.npmjs.org/normalize-range/-/normalize-range-0.1.2.tgz"

normalize-url@^6.0.1:
  version "6.1.0"
  resolved "https://registry.npmjs.org/normalize-url/-/normalize-url-6.1.0.tgz"

object-hash@^3.0.0:
  version "3.0.0"
  resolved "https://registry.npmjs.org/object-hash/-/object-hash-3.0.0.tgz"

once@^1.3.0, once@^1.3.1, once@^1.4.0:
  version "1.4.0"
  resolved "https://registry.npmjs.org/once/-/once-1.4.0.tgz"
  dependencies:
    wrappy "1"

p-cancelable@^2.0.0:
  version "2.1.1"
  resolved "https://registry.npmjs.org/p-cancelable/-/p-cancelable-2.1.1.tgz"

path-parse@^1.0.7:
  version "1.0.7"
  resolved "https://registry.npmjs.org/path-parse/-/path-parse-1.0.7.tgz"

picocolors@^1.0.0:
  version "1.0.0"
  resolved "https://registry.npmjs.org/picocolors/-/picocolors-1.0.0.tgz"

picomatch@^2.0.4, picomatch@^2.2.1, picomatch@^2.3.1:
  version "2.3.1"
  resolved "https://registry.npmjs.org/picomatch/-/picomatch-2.3.1.tgz"

pify@^2.3.0:
  version "2.3.0"
  resolved "https://registry.npmjs.org/pify/-/pify-2.3.0.tgz"

postcss-import@^14.1.0:
  version "14.1.0"
  resolved "https://registry.npmjs.org/postcss-import/-/postcss-import-14.1.0.tgz"
  dependencies:
    postcss-value-parser "^4.0.0"
    read-cache "^1.0.0"
    resolve "^1.1.7"

postcss-js@^4.0.0:
  version "4.0.1"
  resolved "https://registry.npmjs.org/postcss-js/-/postcss-js-4.0.1.tgz"
  dependencies:
    camelcase-css "^2.0.1"

postcss-load-config@^3.1.4:
  version "3.1.4"
  resolved "https://registry.npmjs.org/postcss-load-config/-/postcss-load-config-3.1.4.tgz"
  dependencies:
    lilconfig "^2.0.5"
    yaml "^1.10.2"

postcss-nested@6.0.0:
  version "6.0.0"
  resolved "https://registry.npmjs.org/postcss-nested/-/postcss-nested-6.0.0.tgz"
  dependencies:
    postcss-selector-parser "^6.0.10"

postcss-selector-parser@^6.0.10, postcss-selector-parser@^6.0.11:
  version "6.0.11"
  resolved "https://registry.npmjs.org/postcss-selector-parser/-/postcss-selector-parser-6.0.11.tgz"
  dependencies:
    cssesc "^3.0.0"
    util-deprecate "^1.0.2"

postcss-value-parser@^4.0.0, postcss-value-parser@^4.2.0:
  version "4.2.0"
  resolved "https://registry.npmjs.org/postcss-value-parser/-/postcss-value-parser-4.2.0.tgz"

postcss@^8.0.9, postcss@^8.4.21:
  version "8.4.21"
  resolved "https://registry.npmjs.org/postcss/-/postcss-8.4.21.tgz"
  dependencies:
    nanoid "^3.3.4"
    picocolors "^1.0.0"
    source-map-js "^1.0.2"

pump@^3.0.0:
  version "3.0.0"
  resolved "https://registry.npmjs.org/pump/-/pump-3.0.0.tgz"
  dependencies:
    end-of-stream "^1.1.0"
    once "^1.3.1"

queue-microtask@^1.2.2:
  version "1.2.3"
  resolved "https://registry.npmjs.org/queue-microtask/-/queue-microtask-1.2.3.tgz"

quick-lru@^5.1.1:
  version "5.1.1"
  resolved "https://registry.npmjs.org/quick-lru/-/quick-lru-5.1.1.tgz"

random-words@^1.3.0:
  version "1.3.0"
  resolved "https://registry.npmjs.org/random-words/-/random-words-1.3.0.tgz"
  dependencies:
    seedrandom "^3.0.5"

read-cache@^1.0.0:
  version "1.0.0"
  resolved "https://registry.npmjs.org/read-cache/-/read-cache-1.0.0.tgz"
  dependencies:
    pify "^2.3.0"

readdirp@~3.6.0:
  version "3.6.0"
  resolved "https://registry.npmjs.org/readdirp/-/readdirp-3.6.0.tgz"
  dependencies:
    picomatch "^2.2.1"

resolve-alpn@^1.0.0:
  version "1.2.1"
  resolved "https://registry.npmjs.org/resolve-alpn/-/resolve-alpn-1.2.1.tgz"

resolve@^1.1.7, resolve@^1.22.1:
  version "1.22.1"
  resolved "https://registry.npmjs.org/resolve/-/resolve-1.22.1.tgz"
  dependencies:
    is-core-module "^2.9.0"
    path-parse "^1.0.7"
    supports-preserve-symlinks-flag "^1.0.0"

responselike@^2.0.0:
  version "2.0.1"
  resolved "https://registry.npmjs.org/responselike/-/responselike-2.0.1.tgz"
  dependencies:
    lowercase-keys "^2.0.0"

reusify@^1.0.4:
  version "1.0.4"
  resolved "https://registry.npmjs.org/reusify/-/reusify-1.0.4.tgz"

rollup@^3.10.0:
  version "3.15.0"
  resolved "https://registry.npmjs.org/rollup/-/rollup-3.15.0.tgz"
  optionalDependencies:
    fsevents "~2.3.2"

run-parallel@^1.1.9:
  version "1.2.0"
  resolved "https://registry.npmjs.org/run-parallel/-/run-parallel-1.2.0.tgz"
  dependencies:
    queue-microtask "^1.2.2"

seedrandom@^3.0.5:
  version "3.0.5"
  resolved "https://registry.npmjs.org/seedrandom/-/seedrandom-3.0.5.tgz"

source-map-js@^1.0.2:
  version "1.0.2"
  resolved "https://registry.npmjs.org/source-map-js/-/source-map-js-1.0.2.tgz"

supports-preserve-symlinks-flag@^1.0.0:
  version "1.0.0"
  resolved "https://registry.npmjs.org/supports-preserve-symlinks-flag/-/supports-preserve-symlinks-flag-1.0.0.tgz"

tailwindcss@^3.2.7:
  version "3.2.7"
  resolved "https://registry.npmjs.org/tailwindcss/-/tailwindcss-3.2.7.tgz"
  dependencies:
    arg "^5.0.2"
    chokidar "^3.5.3"
    color-name "^1.1.4"
    detective "^5.2.1"
    didyoumean "^1.2.2"
    dlv "^1.1.3"
    fast-glob "^3.2.12"
    glob-parent "^6.0.2"
    is-glob "^4.0.3"
    lilconfig "^2.0.6"
    micromatch "^4.0.5"
    normalize-path "^3.0.0"
    object-hash "^3.0.0"
    picocolors "^1.0.0"
    postcss "^8.0.9"
    postcss-import "^14.1.0"
    postcss-js "^4.0.0"
    postcss-load-config "^3.1.4"
    postcss-nested "6.0.0"
    postcss-selector-parser "^6.0.11"
    postcss-value-parser "^4.2.0"
    quick-lru "^5.1.1"
    resolve "^1.22.1"

to-regex-range@^5.0.1:
  version "5.0.1"
  resolved "https://registry.npmjs.org/to-regex-range/-/to-regex-range-5.0.1.tgz"
  dependencies:
    is-number "^7.0.0"

to-utf8@0.0.1:
  version "0.0.1"
  resolved "https://registry.npmjs.org/to-utf8/-/to-utf8-0.0.1.tgz"

typescript@^4.9.5:
  version "4.9.5"
  resolved "https://registry.npmjs.org/typescript/-/typescript-4.9.5.tgz"

update-browserslist-db@^1.0.10:
  version "1.0.10"
  resolved "https://registry.npmjs.org/update-browserslist-db/-/update-browserslist-db-1.0.10.tgz"
  dependencies:
    escalade "^3.1.1"
    picocolors "^1.0.0"

util-deprecate@^1.0.2:
  version "1.0.2"
  resolved "https://registry.npmjs.org/util-deprecate/-/util-deprecate-1.0.2.tgz"

uuid@^9.0.0:
  version "9.0.0"
  resolved "https://registry.npmjs.org/uuid/-/uuid-9.0.0.tgz"

vite-plugin-commonjs@^0.7.1:
  version "0.7.1"
  resolved "https://registry.npmjs.org/vite-plugin-commonjs/-/vite-plugin-commonjs-0.7.1.tgz"
  dependencies:
    acorn "^8.8.2"
    fast-glob "^3.2.12"
    vite-plugin-dynamic-import "^1.4.0"

vite-plugin-dynamic-import@^1.4.0:
  version "1.4.0"
  resolved "https://registry.npmjs.org/vite-plugin-dynamic-import/-/vite-plugin-dynamic-import-1.4.0.tgz"
  dependencies:
    acorn "^8.8.2"
    es-module-lexer "^1.2.1"
    fast-glob "^3.2.12"

vite-plugin-top-level-await@^1.3.1:
  version "1.3.1"
  resolved "https://registry.npmjs.org/vite-plugin-top-level-await/-/vite-plugin-top-level-await-1.3.1.tgz"
  dependencies:
    "@rollup/plugin-virtual" "^3.0.1"
    "@swc/core" "^1.3.10"
    uuid "^9.0.0"

vite@^4.1.5:
  version "4.1.5"
  resolved "https://registry.yarnpkg.com/vite/-/vite-4.1.5.tgz#9c93d579f62179ab99c4182fa37acf1b380a374b"
  dependencies:
    esbuild "^0.16.14"
    postcss "^8.4.21"
    resolve "^1.22.1"
    rollup "^3.10.0"
  optionalDependencies:
    fsevents "~2.3.2"

wrappy@1:
  version "1.0.2"
  resolved "https://registry.npmjs.org/wrappy/-/wrappy-1.0.2.tgz"

ws@^5.1:
  version "5.2.3"
  resolved "https://registry.npmjs.org/ws/-/ws-5.2.3.tgz"
  dependencies:
    async-limiter "~1.0.0"

xtend@^4.0.2:
  version "4.0.2"
  resolved "https://registry.npmjs.org/xtend/-/xtend-4.0.2.tgz"

yaml@^1.10.2:
  version "1.10.2"
  resolved "https://registry.npmjs.org/yaml/-/yaml-1.10.2.tgz"
